
Microsoft Visual Studio Solution File, Format Version 12.00
# Visual Studio Version 17
VisualStudioVersion = 17.7.34221.43
MinimumVisualStudioVersion = 10.0.40219.1
Project("{FAE04EC0-301F-11D3-BF4B-00C04F79EFBC}") = "Program1", "Program1\Program1.csproj", "{E409B308-8C57-4881-AA0C-D2658520B066}"
EndProject
Project("{FAE04EC0-301F-11D3-BF4B-00C04F79EFBC}") = "Program2", "Program2\Program2.csproj", "{A5991A6B-26FE-4A6D-B7C3-4A1B60EE5912}"
EndProject
Global
	GlobalSection(SolutionConfigurationPlatforms) = preSolution
		Debug|Any CPU = Debug|Any CPU
		Release|Any CPU = Release|Any CPU
	EndGlobalSection
	GlobalSection(ProjectConfigurationPlatforms) = postSolution
		{E409B308-8C57-4881-AA0C-D2658520B066}.Debug|Any CPU.ActiveCfg = Debug|Any CPU
		{E409B308-8C57-4881-AA0C-D2658520B066}.Debug|Any CPU.Build.0 = Debug|Any CPU
		{E409B308-8C57-4881-AA0C-D2658520B066}.Release|Any CPU.ActiveCfg = Release|Any CPU
		{E409B308-8C57-4881-AA0C-D2658520B066}.Release|Any CPU.Build.0 = Release|Any CPU
		{A5991A6B-26FE-4A6D-B7C3-4A1B60EE5912}.Debug|Any CPU.ActiveCfg = Debug|Any CPU
		{A5991A6B-26FE-4A6D-B7C3-4A1B60EE5912}.Debug|Any CPU.Build.0 = Debug|Any CPU
		{A5991A6B-26FE-4A6D-B7C3-4A1B60EE5912}.Release|Any CPU.ActiveCfg = Release|Any CPU
		{A5991A6B-26FE-4A6D-B7C3-4A1B60EE5912}.Release|Any CPU.Build.0 = Release|Any CPU
	EndGlobalSection
	GlobalSection(SolutionProperties) = preSolution
		HideSolutionNode = FALSE
	EndGlobalSection
	GlobalSection(ExtensibilityGlobals) = postSolution
		SolutionGuid = {8841F740-16EA-48A8-8459-5A70EDC4BAA3}
	EndGlobalSection
EndGlobal
