
Microsoft Visual Studio Solution File, Format Version 12.00
# Visual Studio Version 17
VisualStudioVersion = 17.7.34221.43
MinimumVisualStudioVersion = 10.0.40219.1
Project("{FAE04EC0-301F-11D3-BF4B-00C04F79EFBC}") = "Program1", "Program1\Program1.csproj", "{B1FDF834-F8C6-4236-9AC6-C96B9A193166}"
EndProject
Project("{FAE04EC0-301F-11D3-BF4B-00C04F79EFBC}") = "Program2", "Program2\Program2.csproj", "{6154B0F7-B610-45D5-815D-344B16A59A41}"
EndProject
Global
	GlobalSection(SolutionConfigurationPlatforms) = preSolution
		Debug|Any CPU = Debug|Any CPU
		Release|Any CPU = Release|Any CPU
	EndGlobalSection
	GlobalSection(ProjectConfigurationPlatforms) = postSolution
		{B1FDF834-F8C6-4236-9AC6-C96B9A193166}.Debug|Any CPU.ActiveCfg = Debug|Any CPU
		{B1FDF834-F8C6-4236-9AC6-C96B9A193166}.Debug|Any CPU.Build.0 = Debug|Any CPU
		{B1FDF834-F8C6-4236-9AC6-C96B9A193166}.Release|Any CPU.ActiveCfg = Release|Any CPU
		{B1FDF834-F8C6-4236-9AC6-C96B9A193166}.Release|Any CPU.Build.0 = Release|Any CPU
		{6154B0F7-B610-45D5-815D-344B16A59A41}.Debug|Any CPU.ActiveCfg = Debug|Any CPU
		{6154B0F7-B610-45D5-815D-344B16A59A41}.Debug|Any CPU.Build.0 = Debug|Any CPU
		{6154B0F7-B610-45D5-815D-344B16A59A41}.Release|Any CPU.ActiveCfg = Release|Any CPU
		{6154B0F7-B610-45D5-815D-344B16A59A41}.Release|Any CPU.Build.0 = Release|Any CPU
	EndGlobalSection
	GlobalSection(SolutionProperties) = preSolution
		HideSolutionNode = FALSE
	EndGlobalSection
	GlobalSection(ExtensibilityGlobals) = postSolution
		SolutionGuid = {733C2D5B-54B6-48F7-B98E-723D3B556395}
	EndGlobalSection
EndGlobal
